
Microsoft Visual Studio Solution File, Format Version 12.00
# Visual Studio Version 17
VisualStudioVersion = 17.8.34316.72
MinimumVisualStudioVersion = 10.0.40219.1
Project("{FAE04EC0-301F-11D3-BF4B-00C04F79EFBC}") = "Sample.GraphQL.API", "Sample.GraphQL.API\Sample.GraphQL.API.csproj", "{867AFA73-DAA9-4731-B14C-25039609B2B8}"
EndProject
Project("{FAE04EC0-301F-11D3-BF4B-00C04F79EFBC}") = "Sample.GraphQL.Persistence", "..\Sample.GraphQL.DataModel\Sample.GraphQL.Persistence.csproj", "{3B2CA802-C6F9-48AA-B441-0EC470B8D9D8}"
EndProject
Project("{FAE04EC0-301F-11D3-BF4B-00C04F79EFBC}") = "Sample.GraphQL.Domain", "..\Sample.GraphQL.Domain\Sample.GraphQL.Domain.csproj", "{565866B6-CAE7-4016-9DFF-F2FFDDDFE28B}"
EndProject
Project("{FAE04EC0-301F-11D3-BF4B-00C04F79EFBC}") = "Sample.GraphQL.Application", "Sample.GraphQL.Application\Sample.GraphQL.Application.csproj", "{C2302118-D968-4075-88C8-4C5B01930A4F}"
EndProject
Global
	GlobalSection(SolutionConfigurationPlatforms) = preSolution
		Debug|Any CPU = Debug|Any CPU
		Release|Any CPU = Release|Any CPU
	EndGlobalSection
	GlobalSection(ProjectConfigurationPlatforms) = postSolution
		{867AFA73-DAA9-4731-B14C-25039609B2B8}.Debug|Any CPU.ActiveCfg = Debug|Any CPU
		{867AFA73-DAA9-4731-B14C-25039609B2B8}.Debug|Any CPU.Build.0 = Debug|Any CPU
		{867AFA73-DAA9-4731-B14C-25039609B2B8}.Release|Any CPU.ActiveCfg = Release|Any CPU
		{867AFA73-DAA9-4731-B14C-25039609B2B8}.Release|Any CPU.Build.0 = Release|Any CPU
		{3B2CA802-C6F9-48AA-B441-0EC470B8D9D8}.Debug|Any CPU.ActiveCfg = Debug|Any CPU
		{3B2CA802-C6F9-48AA-B441-0EC470B8D9D8}.Debug|Any CPU.Build.0 = Debug|Any CPU
		{3B2CA802-C6F9-48AA-B441-0EC470B8D9D8}.Release|Any CPU.ActiveCfg = Release|Any CPU
		{3B2CA802-C6F9-48AA-B441-0EC470B8D9D8}.Release|Any CPU.Build.0 = Release|Any CPU
		{565866B6-CAE7-4016-9DFF-F2FFDDDFE28B}.Debug|Any CPU.ActiveCfg = Debug|Any CPU
		{565866B6-CAE7-4016-9DFF-F2FFDDDFE28B}.Debug|Any CPU.Build.0 = Debug|Any CPU
		{565866B6-CAE7-4016-9DFF-F2FFDDDFE28B}.Release|Any CPU.ActiveCfg = Release|Any CPU
		{565866B6-CAE7-4016-9DFF-F2FFDDDFE28B}.Release|Any CPU.Build.0 = Release|Any CPU
		{C2302118-D968-4075-88C8-4C5B01930A4F}.Debug|Any CPU.ActiveCfg = Debug|Any CPU
		{C2302118-D968-4075-88C8-4C5B01930A4F}.Debug|Any CPU.Build.0 = Debug|Any CPU
		{C2302118-D968-4075-88C8-4C5B01930A4F}.Release|Any CPU.ActiveCfg = Release|Any CPU
		{C2302118-D968-4075-88C8-4C5B01930A4F}.Release|Any CPU.Build.0 = Release|Any CPU
	EndGlobalSection
	GlobalSection(SolutionProperties) = preSolution
		HideSolutionNode = FALSE
	EndGlobalSection
	GlobalSection(ExtensibilityGlobals) = postSolution
		SolutionGuid = {B1CD6251-105D-480A-9E9C-4847AB4ECCBE}
	EndGlobalSection
EndGlobal
